--- 
hash: d4e0f7e1c19417c0f54f4ebe92155cb567e74080
sources: 
- Rubygems: 
    uri: http://gemcutter.org
- Rubygems: 
    uri: http://gems.github.com
specs: 
- activesupport: 
    version: 2.3.8
- activeresource: 
    version: 2.3.8
- aiaio-active_resource_throttle: 
    version: 1.0.1
- harv: 
    version: 0.8.3
dependencies: 
  harv: 
    version: ">= 0"
    group: 
    - :default
  aiaio-active_resource_throttle: 
    version: ">= 0"
    group: 
    - :default
